
Microsoft Visual Studio Solution File, Format Version 12.00
# Visual Studio Version 17
VisualStudioVersion = 17.9.34607.119
MinimumVisualStudioVersion = 10.0.40219.1
Project("{9A19103F-16F7-4668-BE54-9A1E7A4F7556}") = "Car Collector 9000", "Car Collector 9000.csproj", "{90206B73-5D37-4E80-A84C-80810859871B}"
EndProject
Project("{54435603-DBB4-11D2-8724-00A0C9A8B90C}") = "CC9InstallerProject", "..\CC9InstallerProject\CC9InstallerProject.vdproj", "{E50A51DA-6CF7-4A0A-AFA2-38986290CC89}"
EndProject
Global
	GlobalSection(SolutionConfigurationPlatforms) = preSolution
		Debug|Any CPU = Debug|Any CPU
		Release|Any CPU = Release|Any CPU
	EndGlobalSection
	GlobalSection(ProjectConfigurationPlatforms) = postSolution
		{90206B73-5D37-4E80-A84C-80810859871B}.Debug|Any CPU.ActiveCfg = Debug|Any CPU
		{90206B73-5D37-4E80-A84C-80810859871B}.Debug|Any CPU.Build.0 = Debug|Any CPU
		{90206B73-5D37-4E80-A84C-80810859871B}.Release|Any CPU.ActiveCfg = Release|Any CPU
		{90206B73-5D37-4E80-A84C-80810859871B}.Release|Any CPU.Build.0 = Release|Any CPU
		{E50A51DA-6CF7-4A0A-AFA2-38986290CC89}.Debug|Any CPU.ActiveCfg = Debug
		{E50A51DA-6CF7-4A0A-AFA2-38986290CC89}.Release|Any CPU.ActiveCfg = Release
	EndGlobalSection
	GlobalSection(SolutionProperties) = preSolution
		HideSolutionNode = FALSE
	EndGlobalSection
	GlobalSection(ExtensibilityGlobals) = postSolution
		SolutionGuid = {2CC4E032-C39E-44E4-BC41-B911874D1E96}
	EndGlobalSection
EndGlobal
